
Microsoft Visual Studio Solution File, Format Version 12.00
# Visual Studio Version 17
VisualStudioVersion = 17.4.33205.214
MinimumVisualStudioVersion = 10.0.40219.1
Project("{FAE04EC0-301F-11D3-BF4B-00C04F79EFBC}") = "LOTRO Companion Combiner", "LOTRO Companion Combiner\LOTRO Companion Combiner.csproj", "{30BBDB9C-7B39-481B-9D9D-C9A9062977B1}"
EndProject
Project("{FAE04EC0-301F-11D3-BF4B-00C04F79EFBC}") = "LOTRO Companion Combiner Lib", "LOTRO Companion Combiner Lib\LOTRO Companion Combiner Lib.csproj", "{12C2FE7D-48A9-44C0-9A72-39640404F68D}"
EndProject
Global
	GlobalSection(SolutionConfigurationPlatforms) = preSolution
		Debug|Any CPU = Debug|Any CPU
		Release|Any CPU = Release|Any CPU
	EndGlobalSection
	GlobalSection(ProjectConfigurationPlatforms) = postSolution
		{30BBDB9C-7B39-481B-9D9D-C9A9062977B1}.Debug|Any CPU.ActiveCfg = Debug|Any CPU
		{30BBDB9C-7B39-481B-9D9D-C9A9062977B1}.Debug|Any CPU.Build.0 = Debug|Any CPU
		{30BBDB9C-7B39-481B-9D9D-C9A9062977B1}.Release|Any CPU.ActiveCfg = Release|Any CPU
		{30BBDB9C-7B39-481B-9D9D-C9A9062977B1}.Release|Any CPU.Build.0 = Release|Any CPU
		{12C2FE7D-48A9-44C0-9A72-39640404F68D}.Debug|Any CPU.ActiveCfg = Debug|Any CPU
		{12C2FE7D-48A9-44C0-9A72-39640404F68D}.Debug|Any CPU.Build.0 = Debug|Any CPU
		{12C2FE7D-48A9-44C0-9A72-39640404F68D}.Release|Any CPU.ActiveCfg = Release|Any CPU
		{12C2FE7D-48A9-44C0-9A72-39640404F68D}.Release|Any CPU.Build.0 = Release|Any CPU
	EndGlobalSection
	GlobalSection(SolutionProperties) = preSolution
		HideSolutionNode = FALSE
	EndGlobalSection
	GlobalSection(ExtensibilityGlobals) = postSolution
		SolutionGuid = {1BE6D4D4-3AD7-492C-B6D1-D0B3C8BB71C0}
	EndGlobalSection
EndGlobal
